
Microsoft Visual Studio Solution File, Format Version 12.00
# Visual Studio 15
VisualStudioVersion = 15.0.28010.2036
MinimumVisualStudioVersion = 10.0.40219.1
Project("{FAE04EC0-301F-11D3-BF4B-00C04F79EFBC}") = "BracketChecker", "BracketChecker\BracketChecker.csproj", "{AFBC7DF8-B7D9-413B-937E-975C7703763D}"
EndProject
Global
	GlobalSection(SolutionConfigurationPlatforms) = preSolution
		Debug|Any CPU = Debug|Any CPU
		Release|Any CPU = Release|Any CPU
	EndGlobalSection
	GlobalSection(ProjectConfigurationPlatforms) = postSolution
		{AFBC7DF8-B7D9-413B-937E-975C7703763D}.Debug|Any CPU.ActiveCfg = Debug|Any CPU
		{AFBC7DF8-B7D9-413B-937E-975C7703763D}.Debug|Any CPU.Build.0 = Debug|Any CPU
		{AFBC7DF8-B7D9-413B-937E-975C7703763D}.Release|Any CPU.ActiveCfg = Release|Any CPU
		{AFBC7DF8-B7D9-413B-937E-975C7703763D}.Release|Any CPU.Build.0 = Release|Any CPU
	EndGlobalSection
	GlobalSection(SolutionProperties) = preSolution
		HideSolutionNode = FALSE
	EndGlobalSection
	GlobalSection(ExtensibilityGlobals) = postSolution
		SolutionGuid = {A94B4DB3-80A2-436C-B052-F776D3B031B5}
	EndGlobalSection
EndGlobal
